// !$*UTF8*$!
{
	archiveVersion = 1;
	classes = {
	};
	objectVersion = 46;
	objects = {

/* Begin PBXBuildFile section */
		A3B624901A13C0AD00C889DE /* AppDelegate.swift in Sources */ = {isa = PBXBuildFile; fileRef = A3B6248F1A13C0AD00C889DE /* AppDelegate.swift */; };
		A3B624921A13C0AD00C889DE /* ViewController.swift in Sources */ = {isa = PBXBuildFile; fileRef = A3B624911A13C0AD00C889DE /* ViewController.swift */; };
		A3B624951A13C0AD00C889DE /* Main.storyboard in Resources */ = {isa = PBXBuildFile; fileRef = A3B624931A13C0AD00C889DE /* Main.storyboard */; };
		A3B624971A13C0AD00C889DE /* Images.xcassets in Resources */ = {isa = PBXBuildFile; fileRef = A3B624961A13C0AD00C889DE /* Images.xcassets */; };
		A3B6249A1A13C0AD00C889DE /* LaunchScreen.xib in Resources */ = {isa = PBXBuildFile; fileRef = A3B624981A13C0AD00C889DE /* LaunchScreen.xib */; };
		A3B624A61A13C0AE00C889DE /* ShowConverterTests.swift in Sources */ = {isa = PBXBuildFile; fileRef = A3B624A51A13C0AE00C889DE /* ShowConverterTests.swift */; };
/* End PBXBuildFile section */

/* Begin PBXContainerItemProxy section */
		A3B624A01A13C0AD00C889DE /* PBXContainerItemProxy */ = {
			isa = PBXContainerItemProxy;
			containerPortal = A3B624821A13C0AD00C889DE /* Project object */;
			proxyType = 1;
			remoteGlobalIDString = A3B624891A13C0AD00C889DE;
			remoteInfo = ShowConverter;
		};
/* End PBXContainerItemProxy section */

/* Begin PBXFileReference section */
		A3B6248A1A13C0AD00C889DE /* ShowConverter.app */ = {isa = PBXFileReference; explicitFileType = wrapper.application; includeInIndex = 0; path = ShowConverter.app; sourceTree = BUILT_PRODUCTS_DIR; };
		A3B6248E1A13C0AD00C889DE /* Info.plist */ = {isa = PBXFileReference; lastKnownFileType = text.plist.xml; path = Info.plist; sourceTree = "<group>"; };
		A3B6248F1A13C0AD00C889DE /* AppDelegate.swift */ = {isa = PBXFileReference; lastKnownFileType = sourcecode.swift; path = AppDelegate.swift; sourceTree = "<group>"; };
		A3B624911A13C0AD00C889DE /* ViewController.swift */ = {isa = PBXFileReference; lastKnownFileType = sourcecode.swift; path = ViewController.swift; sourceTree = "<group>"; };
		A3B624941A13C0AD00C889DE /* Base */ = {isa = PBXFileReference; lastKnownFileType = file.storyboard; name = Base; path = Base.lproj/Main.storyboard; sourceTree = "<group>"; };
		A3B624961A13C0AD00C889DE /* Images.xcassets */ = {isa = PBXFileReference; lastKnownFileType = folder.assetcatalog; path = Images.xcassets; sourceTree = "<group>"; };
		A3B624991A13C0AD00C889DE /* Base */ = {isa = PBXFileReference; lastKnownFileType = file.xib; name = Base; path = Base.lproj/LaunchScreen.xib; sourceTree = "<group>"; };
		A3B6249F1A13C0AD00C889DE /* ShowConverterTests.xctest */ = {isa = PBXFileReference; explicitFileType = wrapper.cfbundle; includeInIndex = 0; path = ShowConverterTests.xctest; sourceTree = BUILT_PRODUCTS_DIR; };
		A3B624A41A13C0AD00C889DE /* Info.plist */ = {isa = PBXFileReference; lastKnownFileType = text.plist.xml; path = Info.plist; sourceTree = "<group>"; };
		A3B624A51A13C0AE00C889DE /* ShowConverterTests.swift */ = {isa = PBXFileReference; lastKnownFileType = sourcecode.swift; path = ShowConverterTests.swift; sourceTree = "<group>"; };
/* End PBXFileReference section */

/* Begin PBXFrameworksBuildPhase section */
		A3B624871A13C0AD00C889DE /* Frameworks */ = {
			isa = PBXFrameworksBuildPhase;
			buildActionMask = 2147483647;
			files = (
			);
			runOnlyForDeploymentPostprocessing = 0;
		};
		A3B6249C1A13C0AD00C889DE /* Frameworks */ = {
			isa = PBXFrameworksBuildPhase;
			buildActionMask = 2147483647;
			files = (
			);
			runOnlyForDeploymentPostprocessing = 0;
		};
/* End PBXFrameworksBuildPhase section */

/* Begin PBXGroup section */
		A3B624811A13C0AD00C889DE = {
			isa = PBXGroup;
			children = (
				A3B6248C1A13C0AD00C889DE /* ShowConverter */,
				A3B624A21A13C0AD00C889DE /* ShowConverterTests */,
				A3B6248B1A13C0AD00C889DE /* Products */,
			);
			sourceTree = "<group>";
		};
		A3B6248B1A13C0AD00C889DE /* Products */ = {
			isa = PBXGroup;
			children = (
				A3B6248A1A13C0AD00C889DE /* ShowConverter.app */,
				A3B6249F1A13C0AD00C889DE /* ShowConverterTests.xctest */,
			);
			name = Products;
			sourceTree = "<group>";
		};
		A3B6248C1A13C0AD00C889DE /* ShowConverter */ = {
			isa = PBXGroup;
			children = (
				A3B6248F1A13C0AD00C889DE /* AppDelegate.swift */,
				A3B624911A13C0AD00C889DE /* ViewController.swift */,
				A3B624931A13C0AD00C889DE /* Main.storyboard */,
				A3B624961A13C0AD00C889DE /* Images.xcassets */,
				A3B624981A13C0AD00C889DE /* LaunchScreen.xib */,
				A3B6248D1A13C0AD00C889DE /* Supporting Files */,
			);
			path = ShowConverter;
			sourceTree = "<group>";
		};
		A3B6248D1A13C0AD00C889DE /* Supporting Files */ = {
			isa = PBXGroup;
			children = (
				A3B6248E1A13C0AD00C889DE /* Info.plist */,
			);
			name = "Supporting Files";
			sourceTree = "<group>";
		};
		A3B624A21A13C0AD00C889DE /* ShowConverterTests */ = {
			isa = PBXGroup;
			children = (
				A3B624A51A13C0AE00C889DE /* ShowConverterTests.swift */,
				A3B624A31A13C0AD00C889DE /* Supporting Files */,
			);
			path = ShowConverterTests;
			sourceTree = "<group>";
		};
		A3B624A31A13C0AD00C889DE /* Supporting Files */ = {
			isa = PBXGroup;
			children = (
				A3B624A41A13C0AD00C889DE /* Info.plist */,
			);
			name = "Supporting Files";
			sourceTree = "<group>";
		};
/* End PBXGroup section */

/* Begin PBXNativeTarget section */
		A3B624891A13C0AD00C889DE /* ShowConverter */ = {
			isa = PBXNativeTarget;
			buildConfigurationList = A3B624A91A13C0AE00C889DE /* Build configuration list for PBXNativeTarget "ShowConverter" */;
			buildPhases = (
				A3B624861A13C0AD00C889DE /* Sources */,
				A3B624871A13C0AD00C889DE /* Frameworks */,
				A3B624881A13C0AD00C889DE /* Resources */,
			);
			buildRules = (
			);
			dependencies = (
			);
			name = ShowConverter;
			productName = ShowConverter;
			productReference = A3B6248A1A13C0AD00C889DE /* ShowConverter.app */;
			productType = "com.apple.product-type.application";
		};
		A3B6249E1A13C0AD00C889DE /* ShowConverterTests */ = {
			isa = PBXNativeTarget;
			buildConfigurationList = A3B624AC1A13C0AE00C889DE /* Build configuration list for PBXNativeTarget "ShowConverterTests" */;
			buildPhases = (
				A3B6249B1A13C0AD00C889DE /* Sources */,
				A3B6249C1A13C0AD00C889DE /* Frameworks */,
				A3B6249D1A13C0AD00C889DE /* Resources */,
			);
			buildRules = (
			);
			dependencies = (
				A3B624A11A13C0AD00C889DE /* PBXTargetDependency */,
			);
			name = ShowConverterTests;
			productName = ShowConverterTests;
			productReference = A3B6249F1A13C0AD00C889DE /* ShowConverterTests.xctest */;
			productType = "com.apple.product-type.bundle.unit-test";
		};
/* End PBXNativeTarget section */

/* Begin PBXProject section */
		A3B624821A13C0AD00C889DE /* Project object */ = {
			isa = PBXProject;
			attributes = {
				LastUpgradeCheck = 0610;
				ORGANIZATIONNAME = urbanshed;
				TargetAttributes = {
					A3B624891A13C0AD00C889DE = {
						CreatedOnToolsVersion = 6.1;
					};
					A3B6249E1A13C0AD00C889DE = {
						CreatedOnToolsVersion = 6.1;
						TestTargetID = A3B624891A13C0AD00C889DE;
					};
				};
			};
			buildConfigurationList = A3B624851A13C0AD00C889DE /* Build configuration list for PBXProject "ShowConverter" */;
			compatibilityVersion = "Xcode 3.2";
			developmentRegion = English;
			hasScannedForEncodings = 0;
			knownRegions = (
				en,
				Base,
			);
			mainGroup = A3B624811A13C0AD00C889DE;
			productRefGroup = A3B6248B1A13C0AD00C889DE /* Products */;
			projectDirPath = "";
			projectRoot = "";
			targets = (
				A3B624891A13C0AD00C889DE /* ShowConverter */,
				A3B6249E1A13C0AD00C889DE /* ShowConverterTests */,
			);
		};
/* End PBXProject section */

/* Begin PBXResourcesBuildPhase section */
		A3B624881A13C0AD00C889DE /* Resources */ = {
			isa = PBXResourcesBuildPhase;
			buildActionMask = 2147483647;
			files = (
				A3B624951A13C0AD00C889DE /* Main.storyboard in Resources */,
				A3B6249A1A13C0AD00C889DE /* LaunchScreen.xib in Resources */,
				A3B624971A13C0AD00C889DE /* Images.xcassets in Resources */,
			);
			runOnlyForDeploymentPostprocessing = 0;
		};
		A3B6249D1A13C0AD00C889DE /* Resources */ = {
			isa = PBXResourcesBuildPhase;
			buildActionMask = 2147483647;
			files = (
			);
			runOnlyForDeploymentPostprocessing = 0;
		};
/* End PBXResourcesBuildPhase section */

/* Begin PBXSourcesBuildPhase section */
		A3B624861A13C0AD00C889DE /* Sources */ = {
			isa = PBXSourcesBuildPhase;
			buildActionMask = 2147483647;
			files = (
				A3B624921A13C0AD00C889DE /* ViewController.swift in Sources */,
				A3B624901A13C0AD00C889DE /* AppDelegate.swift in Sources */,
			);
			runOnlyForDeploymentPostprocessing = 0;
		};
		A3B6249B1A13C0AD00C889DE /* Sources */ = {
			isa = PBXSourcesBuildPhase;
			buildActionMask = 2147483647;
			files = (
				A3B624A61A13C0AE00C889DE /* ShowConverterTests.swift in Sources */,
			);
			runOnlyForDeploymentPostprocessing = 0;
		};
/* End PBXSourcesBuildPhase section */

/* Begin PBXTargetDependency section */
		A3B624A11A13C0AD00C889DE /* PBXTargetDependency */ = {
			isa = PBXTargetDependency;
			target = A3B624891A13C0AD00C889DE /* ShowConverter */;
			targetProxy = A3B624A01A13C0AD00C889DE /* PBXContainerItemProxy */;
		};
/* End PBXTargetDependency section */

/* Begin PBXVariantGroup section */
		A3B624931A13C0AD00C889DE /* Main.storyboard */ = {
			isa = PBXVariantGroup;
			children = (
				A3B624941A13C0AD00C889DE /* Base */,
			);
			name = Main.storyboard;
			sourceTree = "<group>";
		};
		A3B624981A13C0AD00C889DE /* LaunchScreen.xib */ = {
			isa = PBXVariantGroup;
			children = (
				A3B624991A13C0AD00C889DE /* Base */,
			);
			name = LaunchScreen.xib;
			sourceTree = "<group>";
		};
/* End PBXVariantGroup section */

/* Begin XCBuildConfiguration section */
		A3B624A71A13C0AE00C889DE /* Debug */ = {
			isa = XCBuildConfiguration;
			buildSettings = {
				ALWAYS_SEARCH_USER_PATHS = NO;
				CLANG_CXX_LANGUAGE_STANDARD = "gnu++0x";
				CLANG_CXX_LIBRARY = "libc++";
				CLANG_ENABLE_MODULES = YES;
				CLANG_ENABLE_OBJC_ARC = YES;
				CLANG_WARN_BOOL_CONVERSION = YES;
				CLANG_WARN_CONSTANT_CONVERSION = YES;
				CLANG_WARN_DIRECT_OBJC_ISA_USAGE = YES_ERROR;
				CLANG_WARN_EMPTY_BODY = YES;
				CLANG_WARN_ENUM_CONVERSION = YES;
				CLANG_WARN_INT_CONVERSION = YES;
				CLANG_WARN_OBJC_ROOT_CLASS = YES_ERROR;
				CLANG_WARN_UNREACHABLE_CODE = YES;
				CLANG_WARN__DUPLICATE_METHOD_MATCH = YES;
				"CODE_SIGN_IDENTITY[sdk=iphoneos*]" = "iPhone Developer";
				COPY_PHASE_STRIP = NO;
				ENABLE_STRICT_OBJC_MSGSEND = YES;
				GCC_C_LANGUAGE_STANDARD = gnu99;
				GCC_DYNAMIC_NO_PIC = NO;
				GCC_OPTIMIZATION_LEVEL = 0;
				GCC_PREPROCESSOR_DEFINITIONS = (
					"DEBUG=1",
					"$(inherited)",
				);
				GCC_SYMBOLS_PRIVATE_EXTERN = NO;
				GCC_WARN_64_TO_32_BIT_CONVERSION = YES;
				GCC_WARN_ABOUT_RETURN_TYPE = YES_ERROR;
				GCC_WARN_UNDECLARED_SELECTOR = YES;
				GCC_WARN_UNINITIALIZED_AUTOS = YES_AGGRESSIVE;
				GCC_WARN_UNUSED_FUNCTION = YES;
				GCC_WARN_UNUSED_VARIABLE = YES;
				IPHONEOS_DEPLOYMENT_TARGET = 8.1;
				MTL_ENABLE_DEBUG_INFO = YES;
				ONLY_ACTIVE_ARCH = YES;
				SDKROOT = iphoneos;
				SWIFT_OPTIMIZATION_LEVEL = "-Onone";
				TARGETED_DEVICE_FAMILY = "1,2";
			};
			name = Debug;
		};
		A3B624A81A13C0AE00C889DE /* Release */ = {
			isa = XCBuildConfiguration;
			buildSettings = {
				ALWAYS_SEARCH_USER_PATHS = NO;
				CLANG_CXX_LANGUAGE_STANDARD = "gnu++0x";
				CLANG_CXX_LIBRARY = "libc++";
				CLANG_ENABLE_MODULES = YES;
				CLANG_ENABLE_OBJC_ARC = YES;
				CLANG_WARN_BOOL_CONVERSION = YES;
				CLANG_WARN_CONSTANT_CONVERSION = YES;
				CLANG_WARN_DIRECT_OBJC_ISA_USAGE = YES_ERROR;
				CLANG_WARN_EMPTY_BODY = YES;
				CLANG_WARN_ENUM_CONVERSION = YES;
				CLANG_WARN_INT_CONVERSION = YES;
				CLANG_WARN_OBJC_ROOT_CLASS = YES_ERROR;
				CLANG_WARN_UNREACHABLE_CODE = YES;
				CLANG_WARN__DUPLICATE_METHOD_MATCH = YES;
				"CODE_SIGN_IDENTITY[sdk=iphoneos*]" = "iPhone Developer";
				COPY_PHASE_STRIP = YES;
				ENABLE_NS_ASSERTIONS = NO;
				ENABLE_STRICT_OBJC_MSGSEND = YES;
				GCC_C_LANGUAGE_STANDARD = gnu99;
				GCC_WARN_64_TO_32_BIT_CONVERSION = YES;
				GCC_WARN_ABOUT_RETURN_TYPE = YES_ERROR;
				GCC_WARN_UNDECLARED_SELECTOR = YES;
				GCC_WARN_UNINITIALIZED_AUTOS = YES_AGGRESSIVE;
				GCC_WARN_UNUSED_FUNCTION = YES;
				GCC_WARN_UNUSED_VARIABLE = YES;
				IPHONEOS_DEPLOYMENT_TARGET = 8.1;
				MTL_ENABLE_DEBUG_INFO = NO;
				SDKROOT = iphoneos;
				TARGETED_DEVICE_FAMILY = "1,2";
				VALIDATE_PRODUCT = YES;
			};
			name = Release;
		};
		A3B624AA1A13C0AE00C889DE /* Debug */ = {
			isa = XCBuildConfiguration;
			buildSettings = {
				ASSETCATALOG_COMPILER_APPICON_NAME = AppIcon;
				INFOPLIST_FILE = ShowConverter/Info.plist;
				LD_RUNPATH_SEARCH_PATHS = "$(inherited) @executable_path/Frameworks";
				PRODUCT_NAME = "$(TARGET_NAME)";
			};
			name = Debug;
		};
		A3B624AB1A13C0AE00C889DE /* Release */ = {
			isa = XCBuildConfiguration;
			buildSettings = {
				ASSETCATALOG_COMPILER_APPICON_NAME = AppIcon;
				INFOPLIST_FILE = ShowConverter/Info.plist;
				LD_RUNPATH_SEARCH_PATHS = "$(inherited) @executable_path/Frameworks";
				PRODUCT_NAME = "$(TARGET_NAME)";
			};
			name = Release;
		};
		A3B624AD1A13C0AE00C889DE /* Debug */ = {
			isa = XCBuildConfiguration;
			buildSettings = {
				BUNDLE_LOADER = "$(TEST_HOST)";
				FRAMEWORK_SEARCH_PATHS = (
					"$(SDKROOT)/Developer/Library/Frameworks",
					"$(inherited)",
				);
				GCC_PREPROCESSOR_DEFINITIONS = (
					"DEBUG=1",
					"$(inherited)",
				);
				INFOPLIST_FILE = ShowConverterTests/Info.plist;
				LD_RUNPATH_SEARCH_PATHS = "$(inherited) @executable_path/Frameworks @loader_path/Frameworks";
				PRODUCT_NAME = "$(TARGET_NAME)";
				TEST_HOST = "$(BUILT_PRODUCTS_DIR)/ShowConverter.app/ShowConverter";
			};
			name = Debug;
		};
		A3B624AE1A13C0AE00C889DE /* Release */ = {
			isa = XCBuildConfiguration;
			buildSettings = {
				BUNDLE_LOADER = "$(TEST_HOST)";
				FRAMEWORK_SEARCH_PATHS = (
					"$(SDKROOT)/Developer/Library/Frameworks",
					"$(inherited)",
				);
				INFOPLIST_FILE = ShowConverterTests/Info.plist;
				LD_RUNPATH_SEARCH_PATHS = "$(inherited) @executable_path/Frameworks @loader_path/Frameworks";
				PRODUCT_NAME = "$(TARGET_NAME)";
				TEST_HOST = "$(BUILT_PRODUCTS_DIR)/ShowConverter.app/ShowConverter";
			};
			name = Release;
		};
/* End XCBuildConfiguration section */

/* Begin XCConfigurationList section */
		A3B624851A13C0AD00C889DE /* Build configuration list for PBXProject "ShowConverter" */ = {
			isa = XCConfigurationList;
			buildConfigurations = (
				A3B624A71A13C0AE00C889DE /* Debug */,
				A3B624A81A13C0AE00C889DE /* Release */,
			);
			defaultConfigurationIsVisible = 0;
			defaultConfigurationName = Release;
		};
		A3B624A91A13C0AE00C889DE /* Build configuration list for PBXNativeTarget "ShowConverter" */ = {
			isa = XCConfigurationList;
			buildConfigurations = (
				A3B624AA1A13C0AE00C889DE /* Debug */,
				A3B624AB1A13C0AE00C889DE /* Release */,
			);
			defaultConfigurationIsVisible = 0;
		};
		A3B624AC1A13C0AE00C889DE /* Build configuration list for PBXNativeTarget "ShowConverterTests" */ = {
			isa = XCConfigurationList;
			buildConfigurations = (
				A3B624AD1A13C0AE00C889DE /* Debug */,
				A3B624AE1A13C0AE00C889DE /* Release */,
			);
			defaultConfigurationIsVisible = 0;
		};
/* End XCConfigurationList section */
	};
	rootObject = A3B624821A13C0AD00C889DE /* Project object */;
}
